
Microsoft Visual Studio Solution File, Format Version 12.00
# Visual Studio Version 17
VisualStudioVersion = 17.3.32901.215
MinimumVisualStudioVersion = 10.0.40219.1
Project("{8BC9CEB8-8B4A-11D0-8D11-00A0C91BC942}") = "str", "str\str.vcxproj", "{C67CD54E-657B-4055-8F7F-45DCC86CA75A}"
EndProject
Global
	GlobalSection(SolutionConfigurationPlatforms) = preSolution
		Debug|x64 = Debug|x64
		Debug|x86 = Debug|x86
		Release|x64 = Release|x64
		Release|x86 = Release|x86
	EndGlobalSection
	GlobalSection(ProjectConfigurationPlatforms) = postSolution
		{C67CD54E-657B-4055-8F7F-45DCC86CA75A}.Debug|x64.ActiveCfg = Debug|x64
		{C67CD54E-657B-4055-8F7F-45DCC86CA75A}.Debug|x64.Build.0 = Debug|x64
		{C67CD54E-657B-4055-8F7F-45DCC86CA75A}.Debug|x86.ActiveCfg = Debug|Win32
		{C67CD54E-657B-4055-8F7F-45DCC86CA75A}.Debug|x86.Build.0 = Debug|Win32
		{C67CD54E-657B-4055-8F7F-45DCC86CA75A}.Release|x64.ActiveCfg = Release|x64
		{C67CD54E-657B-4055-8F7F-45DCC86CA75A}.Release|x64.Build.0 = Release|x64
		{C67CD54E-657B-4055-8F7F-45DCC86CA75A}.Release|x86.ActiveCfg = Release|Win32
		{C67CD54E-657B-4055-8F7F-45DCC86CA75A}.Release|x86.Build.0 = Release|Win32
	EndGlobalSection
	GlobalSection(SolutionProperties) = preSolution
		HideSolutionNode = FALSE
	EndGlobalSection
	GlobalSection(ExtensibilityGlobals) = postSolution
		SolutionGuid = {42615638-D14D-4D6E-BA54-4AC011C25573}
	EndGlobalSection
EndGlobal
