
Microsoft Visual Studio Solution File, Format Version 12.00
# Visual Studio Version 17
VisualStudioVersion = 17.3.32901.215
MinimumVisualStudioVersion = 10.0.40219.1
Project("{8BC9CEB8-8B4A-11D0-8D11-00A0C91BC942}") = "Project1", "Project1\Project1.vcxproj", "{71EAC11D-41E1-4DF2-9C42-73F0652DE276}"
EndProject
Global
	GlobalSection(SolutionConfigurationPlatforms) = preSolution
		Debug|x64 = Debug|x64
		Debug|x86 = Debug|x86
		Release|x64 = Release|x64
		Release|x86 = Release|x86
	EndGlobalSection
	GlobalSection(ProjectConfigurationPlatforms) = postSolution
		{71EAC11D-41E1-4DF2-9C42-73F0652DE276}.Debug|x64.ActiveCfg = Debug|x64
		{71EAC11D-41E1-4DF2-9C42-73F0652DE276}.Debug|x64.Build.0 = Debug|x64
		{71EAC11D-41E1-4DF2-9C42-73F0652DE276}.Debug|x86.ActiveCfg = Debug|Win32
		{71EAC11D-41E1-4DF2-9C42-73F0652DE276}.Debug|x86.Build.0 = Debug|Win32
		{71EAC11D-41E1-4DF2-9C42-73F0652DE276}.Release|x64.ActiveCfg = Release|x64
		{71EAC11D-41E1-4DF2-9C42-73F0652DE276}.Release|x64.Build.0 = Release|x64
		{71EAC11D-41E1-4DF2-9C42-73F0652DE276}.Release|x86.ActiveCfg = Release|Win32
		{71EAC11D-41E1-4DF2-9C42-73F0652DE276}.Release|x86.Build.0 = Release|Win32
	EndGlobalSection
	GlobalSection(SolutionProperties) = preSolution
		HideSolutionNode = FALSE
	EndGlobalSection
	GlobalSection(ExtensibilityGlobals) = postSolution
		SolutionGuid = {D44B4A05-5352-46AA-A33B-8696E855F744}
	EndGlobalSection
EndGlobal
