
Microsoft Visual Studio Solution File, Format Version 12.00
# Visual Studio Version 17
VisualStudioVersion = 17.3.32901.215
MinimumVisualStudioVersion = 10.0.40219.1
Project("{8BC9CEB8-8B4A-11D0-8D11-00A0C91BC942}") = "task16", "task16\task16.vcxproj", "{4100E402-2E78-4F0C-83B0-26569FB041BB}"
EndProject
Global
	GlobalSection(SolutionConfigurationPlatforms) = preSolution
		Debug|x64 = Debug|x64
		Debug|x86 = Debug|x86
		Release|x64 = Release|x64
		Release|x86 = Release|x86
	EndGlobalSection
	GlobalSection(ProjectConfigurationPlatforms) = postSolution
		{4100E402-2E78-4F0C-83B0-26569FB041BB}.Debug|x64.ActiveCfg = Debug|x64
		{4100E402-2E78-4F0C-83B0-26569FB041BB}.Debug|x64.Build.0 = Debug|x64
		{4100E402-2E78-4F0C-83B0-26569FB041BB}.Debug|x86.ActiveCfg = Debug|Win32
		{4100E402-2E78-4F0C-83B0-26569FB041BB}.Debug|x86.Build.0 = Debug|Win32
		{4100E402-2E78-4F0C-83B0-26569FB041BB}.Release|x64.ActiveCfg = Release|x64
		{4100E402-2E78-4F0C-83B0-26569FB041BB}.Release|x64.Build.0 = Release|x64
		{4100E402-2E78-4F0C-83B0-26569FB041BB}.Release|x86.ActiveCfg = Release|Win32
		{4100E402-2E78-4F0C-83B0-26569FB041BB}.Release|x86.Build.0 = Release|Win32
	EndGlobalSection
	GlobalSection(SolutionProperties) = preSolution
		HideSolutionNode = FALSE
	EndGlobalSection
	GlobalSection(ExtensibilityGlobals) = postSolution
		SolutionGuid = {B7F90185-4E27-4A49-90B3-EDF750F6EC2C}
	EndGlobalSection
EndGlobal
